# This file is automatically @generated by Poetry 1.7.1 and should not be changed by hand.

[[package]]
name = "datasize"
version = "1.0.0"
description = "Python integer subclass to handle arithmetic and formatting of integers with data size units"
optional = false
python-versions = "*"
files = [
    {file = "datasize-1.0.0.tar.gz", hash = "sha256:57a6fee8f438221fb2ba36d5851f4f2eb9677b5378477c00e32b2d6700122478"},
]

[package.source]
type = "legacy"
url = "http://10.10.10.111:3141/ivy/pub/+simple"
reference = "ivy_pub"

[[package]]
name = "inflection"
version = "0.5.1"
description = "A port of Ruby on Rails inflector to Python"
optional = false
python-versions = ">=3.5"
files = [
    {file = "inflection-0.5.1-py2.py3-none-any.whl", hash = "sha256:f38b2b640938a4f35ade69ac3d053042959b62a0f1076a5bbaa1b9526605a8a2"},
]

[package.source]
type = "legacy"
url = "http://10.10.10.111:3141/ivy/pub/+simple"
reference = "ivy_pub"

[[package]]
name = "jsonschema"
version = "4.23.0"
description = ""
optional = false
python-versions = "*"
files = [
    {file = "jsonschema-4.23.0-py3-none-any.whl", hash = "sha256:fbadb6f8b144a8f8cf9f0b89ba94501d143e50411a1278633f56a7acf7fd5566"},
]

[package.source]
type = "legacy"
url = "http://10.10.10.111:3141/ivy/pub/+simple"
reference = "ivy_pub"

[[package]]
name = "lxml"
version = "5.2.2"
description = "Powerful and Pythonic XML processing library combining libxml2/libxslt with the ElementTree API."
optional = false
python-versions = ">=3.6"
files = [
    {file = "lxml-5.2.2-cp310-cp310-manylinux_2_28_x86_64.whl", hash = "sha256:13e69be35391ce72712184f69000cda04fc89689429179bc4c0ae5f0b7a8c21b"},
]

[package.extras]
cssselect = ["cssselect (>=0.7)"]
html-clean = ["lxml-html-clean"]
html5 = ["html5lib"]
htmlsoup = ["BeautifulSoup4"]
source = ["Cython (>=3.0.10)"]

[package.source]
type = "legacy"
url = "http://10.10.10.111:3141/ivy/pub/+simple"
reference = "ivy_pub"

[[package]]
name = "markdown"
version = "3.6"
description = "Python implementation of John Gruber's Markdown."
optional = false
python-versions = ">=3.8"
files = [
    {file = "Markdown-3.6-py3-none-any.whl", hash = "sha256:48f276f4d8cfb8ce6527c8f79e2ee29708508bf4d40aa410fbc3b4ee832c850f"},
]

[package.extras]
docs = ["mdx-gh-links (>=0.2)", "mkdocs (>=1.5)", "mkdocs-gen-files", "mkdocs-literate-nav", "mkdocs-nature (>=0.6)", "mkdocs-section-index", "mkdocstrings[python]"]
testing = ["coverage", "pyyaml"]

[package.source]
type = "legacy"
url = "http://10.10.10.111:3141/ivy/pub/+simple"
reference = "ivy_pub"

[[package]]
name = "numpy"
version = "2.0.0"
description = "Fundamental package for array computing in Python"
optional = false
python-versions = ">=3.9"
files = [
    {file = "numpy-2.0.0-cp310-cp310-manylinux_2_17_x86_64.manylinux2014_x86_64.whl", hash = "sha256:6d7696c615765091cc5093f76fd1fa069870304beaccfd58b5dcc69e55ef49c1"},
]

[package.source]
type = "legacy"
url = "http://10.10.10.111:3141/ivy/pub/+simple"
reference = "ivy_pub"

[[package]]
name = "pyboolector"
version = "3.2.3.20240305.1"
description = "Python wrapper around the Boolector SMT solver"
optional = false
python-versions = "*"
files = [
    {file = "PyBoolector-3.2.3.20240305.1-cp310-cp310-manylinux_2_17_x86_64.manylinux2014_x86_64.whl", hash = "sha256:ddf2598bd804a6dbaac881ca9f00688657134f31889f076c859538f3c64c7d07"},
]

[package.source]
type = "legacy"
url = "http://10.10.10.111:3141/ivy/pub/+simple"
reference = "ivy_pub"

[[package]]
name = "python-jsonschema-objects"
version = "0.5.5"
description = "An object wrapper for JSON Schema definitions"
optional = false
python-versions = ">=3.8"
files = [
    {file = "python_jsonschema_objects-0.5.5-py2.py3-none-any.whl", hash = "sha256:735c70bf4687742aef07100e8ef0037b09e81bd3652e158559a68ca8bf6d1dca"},
]

[package.dependencies]
inflection = ">=0.2"
jsonschema = ">=4.18"
Markdown = ">=2.4"

[package.source]
type = "legacy"
url = "http://10.10.10.111:3141/ivy/pub/+simple"
reference = "ivy_pub"

[[package]]
name = "pyucis"
version = "0.1.3.7162246580"
description = "PyUCIS provides a Python API for manipulating UCIS coverage data."
optional = false
python-versions = "*"
files = [
    {file = "pyucis-0.1.3.7162246580-py2.py3-none-any.whl", hash = "sha256:998ed9c7ef4e0f79672d75166a5dd0e476f62b2f1e8a0d251b910ae026fd2f29"},
]

[package.dependencies]
jsonschema = "*"
lxml = "*"
python-jsonschema-objects = "*"
pyyaml = "*"

[package.source]
type = "legacy"
url = "http://10.10.10.111:3141/ivy/pub/+simple"
reference = "ivy_pub"

[[package]]
name = "pyvsc"
version = "0.9.1.9920936192"
description = "pyvsc (Verification Stimulus and Coverage) is a Python package for generating randomized stimulus and defining and collecting functional coverage."
optional = false
python-versions = "*"
files = [
    {file = "pyvsc-0.9.1.9920936192-py2.py3-none-any.whl", hash = "sha256:c20b745f7a1d207ac6c5dad6ef1ac0677c7e9b391e58a1753ddb7fb66e2ffef3"},
]

[package.dependencies]
pyboolector = ">=3.2.2"
pyucis = ">=0.1.3"
toposort = "*"

[package.source]
type = "legacy"
url = "http://10.10.10.111:3141/ivy/pub/+simple"
reference = "ivy_pub"

[[package]]
name = "pyyaml"
version = "6.0.1"
description = "YAML parser and emitter for Python"
optional = false
python-versions = ">=3.6"
files = [
    {file = "PyYAML-6.0.1-cp310-cp310-manylinux_2_17_x86_64.manylinux2014_x86_64.whl", hash = "sha256:ba336e390cd8e4d1739f42dfe9bb83a3cc2e80f567d8805e11b46f4a943f5515"},
]

[package.source]
type = "legacy"
url = "http://10.10.10.111:3141/ivy/pub/+simple"
reference = "ivy_pub"

[[package]]
name = "toposort"
version = "1.10"
description = "Implements a topological sort algorithm."
optional = false
python-versions = "*"
files = [
    {file = "toposort-1.10-py3-none-any.whl", hash = "sha256:cbdbc0d0bee4d2695ab2ceec97fe0679e9c10eab4b2a87a9372b929e70563a87"},
]

[package.source]
type = "legacy"
url = "http://10.10.10.111:3141/ivy/pub/+simple"
reference = "ivy_pub"

[metadata]
lock-version = "2.0"
python-versions = "^3.10"
content-hash = "60a7d25b888b03a222452a57c9898b1202084449565de186b67e6d410ed23d32"
